// !$*UTF8*$!
{
	archiveVersion = 1;
	classes = {
	};
	objectVersion = 46;
	objects = {

/* Begin PBXBuildFile section */
		0991037309BC4606AF6AAB34 /* libPods.a in Frameworks */ = {isa = PBXBuildFile; fileRef = EABCFA2301B247BCA0AEDC4E /* libPods.a */; };
		A466AC0218B3189000FB89B8 /* Foundation.framework in Frameworks */ = {isa = PBXBuildFile; fileRef = A466AC0118B3189000FB89B8 /* Foundation.framework */; };
		A466AC0418B3189000FB89B8 /* CoreGraphics.framework in Frameworks */ = {isa = PBXBuildFile; fileRef = A466AC0318B3189000FB89B8 /* CoreGraphics.framework */; };
		A466AC0618B3189000FB89B8 /* UIKit.framework in Frameworks */ = {isa = PBXBuildFile; fileRef = A466AC0518B3189000FB89B8 /* UIKit.framework */; };
		A466AC0E18B3189000FB89B8 /* main.m in Sources */ = {isa = PBXBuildFile; fileRef = A466AC0D18B3189000FB89B8 /* main.m */; };
		A466AC2418B3189000FB89B8 /* XCTest.framework in Frameworks */ = {isa = PBXBuildFile; fileRef = A466AC2318B3189000FB89B8 /* XCTest.framework */; };
		A466AC2518B3189000FB89B8 /* Foundation.framework in Frameworks */ = {isa = PBXBuildFile; fileRef = A466AC0118B3189000FB89B8 /* Foundation.framework */; };
		A466AC2618B3189000FB89B8 /* UIKit.framework in Frameworks */ = {isa = PBXBuildFile; fileRef = A466AC0518B3189000FB89B8 /* UIKit.framework */; };
		A466AC2E18B3189000FB89B8 /* InfoPlist.strings in Resources */ = {isa = PBXBuildFile; fileRef = A466AC2C18B3189000FB89B8 /* InfoPlist.strings */; };
		A466AC3018B3189000FB89B8 /* ExampleTests.m in Sources */ = {isa = PBXBuildFile; fileRef = A466AC2F18B3189000FB89B8 /* ExampleTests.m */; };
		A4785B3E18B362C000B77BFE /* AppDelegate.m in Sources */ = {isa = PBXBuildFile; fileRef = A4785B3518B362C000B77BFE /* AppDelegate.m */; };
		A4785B3F18B362C000B77BFE /* LoginViewController.m in Sources */ = {isa = PBXBuildFile; fileRef = A4785B3718B362C000B77BFE /* LoginViewController.m */; };
		A4785B4018B362C000B77BFE /* Main_iPad.storyboard in Resources */ = {isa = PBXBuildFile; fileRef = A4785B3918B362C000B77BFE /* Main_iPad.storyboard */; };
		A4785B4118B362C000B77BFE /* Main_iPhone.storyboard in Resources */ = {isa = PBXBuildFile; fileRef = A4785B3B18B362C000B77BFE /* Main_iPhone.storyboard */; };
		A4785B4218B362C000B77BFE /* Images.xcassets in Resources */ = {isa = PBXBuildFile; fileRef = A4785B3D18B362C000B77BFE /* Images.xcassets */; };
		CA4DE4BA18B3A962001D1E9E /* DatabaseListViewController.m in Sources */ = {isa = PBXBuildFile; fileRef = CA4DE4B918B3A962001D1E9E /* DatabaseListViewController.m */; };
		CA4DE4BD18B3AAC9001D1E9E /* TRDClientManager.m in Sources */ = {isa = PBXBuildFile; fileRef = CA4DE4BC18B3AAC9001D1E9E /* TRDClientManager.m */; };
/* End PBXBuildFile section */

/* Begin PBXContainerItemProxy section */
		A466AC2718B3189000FB89B8 /* PBXContainerItemProxy */ = {
			isa = PBXContainerItemProxy;
			containerPortal = A466ABF618B3189000FB89B8 /* Project object */;
			proxyType = 1;
			remoteGlobalIDString = A466ABFD18B3189000FB89B8;
			remoteInfo = Example;
		};
/* End PBXContainerItemProxy section */

/* Begin PBXFileReference section */
		78449DA1B6B94D9DA1468E3D /* Pods.xcconfig */ = {isa = PBXFileReference; includeInIndex = 1; lastKnownFileType = text.xcconfig; name = Pods.xcconfig; path = Pods/Pods.xcconfig; sourceTree = "<group>"; };
		A466ABFE18B3189000FB89B8 /* Example.app */ = {isa = PBXFileReference; explicitFileType = wrapper.application; includeInIndex = 0; path = Example.app; sourceTree = BUILT_PRODUCTS_DIR; };
		A466AC0118B3189000FB89B8 /* Foundation.framework */ = {isa = PBXFileReference; lastKnownFileType = wrapper.framework; name = Foundation.framework; path = System/Library/Frameworks/Foundation.framework; sourceTree = SDKROOT; };
		A466AC0318B3189000FB89B8 /* CoreGraphics.framework */ = {isa = PBXFileReference; lastKnownFileType = wrapper.framework; name = CoreGraphics.framework; path = System/Library/Frameworks/CoreGraphics.framework; sourceTree = SDKROOT; };
		A466AC0518B3189000FB89B8 /* UIKit.framework */ = {isa = PBXFileReference; lastKnownFileType = wrapper.framework; name = UIKit.framework; path = System/Library/Frameworks/UIKit.framework; sourceTree = SDKROOT; };
		A466AC0918B3189000FB89B8 /* Example-Info.plist */ = {isa = PBXFileReference; lastKnownFileType = text.plist.xml; path = "Example-Info.plist"; sourceTree = "<group>"; };
		A466AC0D18B3189000FB89B8 /* main.m */ = {isa = PBXFileReference; lastKnownFileType = sourcecode.c.objc; path = main.m; sourceTree = "<group>"; };
		A466AC0F18B3189000FB89B8 /* Example-Prefix.pch */ = {isa = PBXFileReference; lastKnownFileType = sourcecode.c.h; path = "Example-Prefix.pch"; sourceTree = "<group>"; };
		A466AC2218B3189000FB89B8 /* ExampleTests.xctest */ = {isa = PBXFileReference; explicitFileType = wrapper.cfbundle; includeInIndex = 0; path = ExampleTests.xctest; sourceTree = BUILT_PRODUCTS_DIR; };
		A466AC2318B3189000FB89B8 /* XCTest.framework */ = {isa = PBXFileReference; lastKnownFileType = wrapper.framework; name = XCTest.framework; path = Library/Frameworks/XCTest.framework; sourceTree = DEVELOPER_DIR; };
		A466AC2B18B3189000FB89B8 /* ExampleTests-Info.plist */ = {isa = PBXFileReference; lastKnownFileType = text.plist.xml; path = "ExampleTests-Info.plist"; sourceTree = "<group>"; };
		A466AC2D18B3189000FB89B8 /* en */ = {isa = PBXFileReference; lastKnownFileType = text.plist.strings; name = en; path = en.lproj/InfoPlist.strings; sourceTree = "<group>"; };
		A466AC2F18B3189000FB89B8 /* ExampleTests.m */ = {isa = PBXFileReference; lastKnownFileType = sourcecode.c.objc; path = ExampleTests.m; sourceTree = "<group>"; };
		A4785B3418B362C000B77BFE /* AppDelegate.h */ = {isa = PBXFileReference; fileEncoding = 4; lastKnownFileType = sourcecode.c.h; path = AppDelegate.h; sourceTree = "<group>"; };
		A4785B3518B362C000B77BFE /* AppDelegate.m */ = {isa = PBXFileReference; fileEncoding = 4; lastKnownFileType = sourcecode.c.objc; path = AppDelegate.m; sourceTree = "<group>"; };
		A4785B3618B362C000B77BFE /* LoginViewController.h */ = {isa = PBXFileReference; fileEncoding = 4; lastKnownFileType = sourcecode.c.h; path = LoginViewController.h; sourceTree = "<group>"; };
		A4785B3718B362C000B77BFE /* LoginViewController.m */ = {isa = PBXFileReference; fileEncoding = 4; lastKnownFileType = sourcecode.c.objc; path = LoginViewController.m; sourceTree = "<group>"; };
		A4785B3A18B362C000B77BFE /* Base */ = {isa = PBXFileReference; lastKnownFileType = file.storyboard; name = Base; path = Base.lproj/Main_iPad.storyboard; sourceTree = "<group>"; };
		A4785B3C18B362C000B77BFE /* Base */ = {isa = PBXFileReference; lastKnownFileType = file.storyboard; name = Base; path = Base.lproj/Main_iPhone.storyboard; sourceTree = "<group>"; };
		A4785B3D18B362C000B77BFE /* Images.xcassets */ = {isa = PBXFileReference; lastKnownFileType = folder.assetcatalog; path = Images.xcassets; sourceTree = "<group>"; };
		CA4DE4B818B3A962001D1E9E /* DatabaseListViewController.h */ = {isa = PBXFileReference; fileEncoding = 4; lastKnownFileType = sourcecode.c.h; path = DatabaseListViewController.h; sourceTree = "<group>"; };
		CA4DE4B918B3A962001D1E9E /* DatabaseListViewController.m */ = {isa = PBXFileReference; fileEncoding = 4; lastKnownFileType = sourcecode.c.objc; path = DatabaseListViewController.m; sourceTree = "<group>"; };
		CA4DE4BB18B3AAC9001D1E9E /* TRDClientManager.h */ = {isa = PBXFileReference; fileEncoding = 4; lastKnownFileType = sourcecode.c.h; path = TRDClientManager.h; sourceTree = "<group>"; };
		CA4DE4BC18B3AAC9001D1E9E /* TRDClientManager.m */ = {isa = PBXFileReference; fileEncoding = 4; lastKnownFileType = sourcecode.c.objc; path = TRDClientManager.m; sourceTree = "<group>"; };
		EABCFA2301B247BCA0AEDC4E /* libPods.a */ = {isa = PBXFileReference; explicitFileType = archive.ar; includeInIndex = 0; path = libPods.a; sourceTree = BUILT_PRODUCTS_DIR; };
/* End PBXFileReference section */

/* Begin PBXFrameworksBuildPhase section */
		A466ABFB18B3189000FB89B8 /* Frameworks */ = {
			isa = PBXFrameworksBuildPhase;
			buildActionMask = 2147483647;
			files = (
				A466AC0418B3189000FB89B8 /* CoreGraphics.framework in Frameworks */,
				A466AC0618B3189000FB89B8 /* UIKit.framework in Frameworks */,
				A466AC0218B3189000FB89B8 /* Foundation.framework in Frameworks */,
				0991037309BC4606AF6AAB34 /* libPods.a in Frameworks */,
			);
			runOnlyForDeploymentPostprocessing = 0;
		};
		A466AC1F18B3189000FB89B8 /* Frameworks */ = {
			isa = PBXFrameworksBuildPhase;
			buildActionMask = 2147483647;
			files = (
				A466AC2418B3189000FB89B8 /* XCTest.framework in Frameworks */,
				A466AC2618B3189000FB89B8 /* UIKit.framework in Frameworks */,
				A466AC2518B3189000FB89B8 /* Foundation.framework in Frameworks */,
			);
			runOnlyForDeploymentPostprocessing = 0;
		};
/* End PBXFrameworksBuildPhase section */

/* Begin PBXGroup section */
		A466ABF518B3189000FB89B8 = {
			isa = PBXGroup;
			children = (
				A466AC0718B3189000FB89B8 /* Example */,
				A466AC2918B3189000FB89B8 /* ExampleTests */,
				A466AC0018B3189000FB89B8 /* Frameworks */,
				A466ABFF18B3189000FB89B8 /* Products */,
				78449DA1B6B94D9DA1468E3D /* Pods.xcconfig */,
			);
			sourceTree = "<group>";
		};
		A466ABFF18B3189000FB89B8 /* Products */ = {
			isa = PBXGroup;
			children = (
				A466ABFE18B3189000FB89B8 /* Example.app */,
				A466AC2218B3189000FB89B8 /* ExampleTests.xctest */,
			);
			name = Products;
			sourceTree = "<group>";
		};
		A466AC0018B3189000FB89B8 /* Frameworks */ = {
			isa = PBXGroup;
			children = (
				A466AC0118B3189000FB89B8 /* Foundation.framework */,
				A466AC0318B3189000FB89B8 /* CoreGraphics.framework */,
				A466AC0518B3189000FB89B8 /* UIKit.framework */,
				A466AC2318B3189000FB89B8 /* XCTest.framework */,
				EABCFA2301B247BCA0AEDC4E /* libPods.a */,
			);
			name = Frameworks;
			sourceTree = "<group>";
		};
		A466AC0718B3189000FB89B8 /* Example */ = {
			isa = PBXGroup;
			children = (
				A4785B3318B362C000B77BFE /* Classes */,
				A4785B3818B362C000B77BFE /* Resources */,
				A466AC0818B3189000FB89B8 /* Supporting Files */,
			);
			path = Example;
			sourceTree = "<group>";
		};
		A466AC0818B3189000FB89B8 /* Supporting Files */ = {
			isa = PBXGroup;
			children = (
				A466AC0D18B3189000FB89B8 /* main.m */,
				A466AC0918B3189000FB89B8 /* Example-Info.plist */,
				A466AC0F18B3189000FB89B8 /* Example-Prefix.pch */,
			);
			name = "Supporting Files";
			sourceTree = "<group>";
		};
		A466AC2918B3189000FB89B8 /* ExampleTests */ = {
			isa = PBXGroup;
			children = (
				A466AC2F18B3189000FB89B8 /* ExampleTests.m */,
				A466AC2A18B3189000FB89B8 /* Supporting Files */,
			);
			path = ExampleTests;
			sourceTree = "<group>";
		};
		A466AC2A18B3189000FB89B8 /* Supporting Files */ = {
			isa = PBXGroup;
			children = (
				A466AC2B18B3189000FB89B8 /* ExampleTests-Info.plist */,
				A466AC2C18B3189000FB89B8 /* InfoPlist.strings */,
			);
			name = "Supporting Files";
			sourceTree = "<group>";
		};
		A4785B3318B362C000B77BFE /* Classes */ = {
			isa = PBXGroup;
			children = (
				A4785B3418B362C000B77BFE /* AppDelegate.h */,
				A4785B3518B362C000B77BFE /* AppDelegate.m */,
				A4785B3618B362C000B77BFE /* LoginViewController.h */,
				A4785B3718B362C000B77BFE /* LoginViewController.m */,
				CA4DE4B818B3A962001D1E9E /* DatabaseListViewController.h */,
				CA4DE4B918B3A962001D1E9E /* DatabaseListViewController.m */,
				CA4DE4BB18B3AAC9001D1E9E /* TRDClientManager.h */,
				CA4DE4BC18B3AAC9001D1E9E /* TRDClientManager.m */,
			);
			path = Classes;
			sourceTree = "<group>";
		};
		A4785B3818B362C000B77BFE /* Resources */ = {
			isa = PBXGroup;
			children = (
				A4785B3918B362C000B77BFE /* Main_iPad.storyboard */,
				A4785B3B18B362C000B77BFE /* Main_iPhone.storyboard */,
				A4785B3D18B362C000B77BFE /* Images.xcassets */,
			);
			path = Resources;
			sourceTree = "<group>";
		};
/* End PBXGroup section */

/* Begin PBXNativeTarget section */
		A466ABFD18B3189000FB89B8 /* Example */ = {
			isa = PBXNativeTarget;
			buildConfigurationList = A466AC3318B3189000FB89B8 /* Build configuration list for PBXNativeTarget "Example" */;
			buildPhases = (
				7167823593944BDFA3939F71 /* Check Pods Manifest.lock */,
				A466ABFA18B3189000FB89B8 /* Sources */,
				A466ABFB18B3189000FB89B8 /* Frameworks */,
				A466ABFC18B3189000FB89B8 /* Resources */,
				3148EC92292B42F7A0FF8E6D /* Copy Pods Resources */,
			);
			buildRules = (
			);
			dependencies = (
			);
			name = Example;
			productName = Example;
			productReference = A466ABFE18B3189000FB89B8 /* Example.app */;
			productType = "com.apple.product-type.application";
		};
		A466AC2118B3189000FB89B8 /* ExampleTests */ = {
			isa = PBXNativeTarget;
			buildConfigurationList = A466AC3618B3189000FB89B8 /* Build configuration list for PBXNativeTarget "ExampleTests" */;
			buildPhases = (
				A466AC1E18B3189000FB89B8 /* Sources */,
				A466AC1F18B3189000FB89B8 /* Frameworks */,
				A466AC2018B3189000FB89B8 /* Resources */,
			);
			buildRules = (
			);
			dependencies = (
				A466AC2818B3189000FB89B8 /* PBXTargetDependency */,
			);
			name = ExampleTests;
			productName = ExampleTests;
			productReference = A466AC2218B3189000FB89B8 /* ExampleTests.xctest */;
			productType = "com.apple.product-type.bundle.unit-test";
		};
/* End PBXNativeTarget section */

/* Begin PBXProject section */
		A466ABF618B3189000FB89B8 /* Project object */ = {
			isa = PBXProject;
			attributes = {
				LastUpgradeCheck = 0500;
				ORGANIZATIONNAME = "MogMog Developer";
				TargetAttributes = {
					A466AC2118B3189000FB89B8 = {
						TestTargetID = A466ABFD18B3189000FB89B8;
					};
				};
			};
			buildConfigurationList = A466ABF918B3189000FB89B8 /* Build configuration list for PBXProject "Example" */;
			compatibilityVersion = "Xcode 3.2";
			developmentRegion = English;
			hasScannedForEncodings = 0;
			knownRegions = (
				en,
				Base,
			);
			mainGroup = A466ABF518B3189000FB89B8;
			productRefGroup = A466ABFF18B3189000FB89B8 /* Products */;
			projectDirPath = "";
			projectRoot = "";
			targets = (
				A466ABFD18B3189000FB89B8 /* Example */,
				A466AC2118B3189000FB89B8 /* ExampleTests */,
			);
		};
/* End PBXProject section */

/* Begin PBXResourcesBuildPhase section */
		A466ABFC18B3189000FB89B8 /* Resources */ = {
			isa = PBXResourcesBuildPhase;
			buildActionMask = 2147483647;
			files = (
				A4785B4218B362C000B77BFE /* Images.xcassets in Resources */,
				A4785B4118B362C000B77BFE /* Main_iPhone.storyboard in Resources */,
				A4785B4018B362C000B77BFE /* Main_iPad.storyboard in Resources */,
			);
			runOnlyForDeploymentPostprocessing = 0;
		};
		A466AC2018B3189000FB89B8 /* Resources */ = {
			isa = PBXResourcesBuildPhase;
			buildActionMask = 2147483647;
			files = (
				A466AC2E18B3189000FB89B8 /* InfoPlist.strings in Resources */,
			);
			runOnlyForDeploymentPostprocessing = 0;
		};
/* End PBXResourcesBuildPhase section */

/* Begin PBXShellScriptBuildPhase section */
		3148EC92292B42F7A0FF8E6D /* Copy Pods Resources */ = {
			isa = PBXShellScriptBuildPhase;
			buildActionMask = 2147483647;
			files = (
			);
			inputPaths = (
			);
			name = "Copy Pods Resources";
			outputPaths = (
			);
			runOnlyForDeploymentPostprocessing = 0;
			shellPath = /bin/sh;
			shellScript = "\"${SRCROOT}/Pods/Pods-resources.sh\"\n";
			showEnvVarsInLog = 0;
		};
		7167823593944BDFA3939F71 /* Check Pods Manifest.lock */ = {
			isa = PBXShellScriptBuildPhase;
			buildActionMask = 2147483647;
			files = (
			);
			inputPaths = (
			);
			name = "Check Pods Manifest.lock";
			outputPaths = (
			);
			runOnlyForDeploymentPostprocessing = 0;
			shellPath = /bin/sh;
			shellScript = "diff \"${PODS_ROOT}/../Podfile.lock\" \"${PODS_ROOT}/Manifest.lock\" > /dev/null\nif [[ $? != 0 ]] ; then\n    cat << EOM\nerror: The sandbox is not in sync with the Podfile.lock. Run 'pod install' or update your CocoaPods installation.\nEOM\n    exit 1\nfi\n";
			showEnvVarsInLog = 0;
		};
/* End PBXShellScriptBuildPhase section */

/* Begin PBXSourcesBuildPhase section */
		A466ABFA18B3189000FB89B8 /* Sources */ = {
			isa = PBXSourcesBuildPhase;
			buildActionMask = 2147483647;
			files = (
				A4785B3F18B362C000B77BFE /* LoginViewController.m in Sources */,
				A4785B3E18B362C000B77BFE /* AppDelegate.m in Sources */,
				A466AC0E18B3189000FB89B8 /* main.m in Sources */,
				CA4DE4BA18B3A962001D1E9E /* DatabaseListViewController.m in Sources */,
				CA4DE4BD18B3AAC9001D1E9E /* TRDClientManager.m in Sources */,
			);
			runOnlyForDeploymentPostprocessing = 0;
		};
		A466AC1E18B3189000FB89B8 /* Sources */ = {
			isa = PBXSourcesBuildPhase;
			buildActionMask = 2147483647;
			files = (
				A466AC3018B3189000FB89B8 /* ExampleTests.m in Sources */,
			);
			runOnlyForDeploymentPostprocessing = 0;
		};
/* End PBXSourcesBuildPhase section */

/* Begin PBXTargetDependency section */
		A466AC2818B3189000FB89B8 /* PBXTargetDependency */ = {
			isa = PBXTargetDependency;
			target = A466ABFD18B3189000FB89B8 /* Example */;
			targetProxy = A466AC2718B3189000FB89B8 /* PBXContainerItemProxy */;
		};
/* End PBXTargetDependency section */

/* Begin PBXVariantGroup section */
		A466AC2C18B3189000FB89B8 /* InfoPlist.strings */ = {
			isa = PBXVariantGroup;
			children = (
				A466AC2D18B3189000FB89B8 /* en */,
			);
			name = InfoPlist.strings;
			sourceTree = "<group>";
		};
		A4785B3918B362C000B77BFE /* Main_iPad.storyboard */ = {
			isa = PBXVariantGroup;
			children = (
				A4785B3A18B362C000B77BFE /* Base */,
			);
			name = Main_iPad.storyboard;
			sourceTree = "<group>";
		};
		A4785B3B18B362C000B77BFE /* Main_iPhone.storyboard */ = {
			isa = PBXVariantGroup;
			children = (
				A4785B3C18B362C000B77BFE /* Base */,
			);
			name = Main_iPhone.storyboard;
			sourceTree = "<group>";
		};
/* End PBXVariantGroup section */

/* Begin XCBuildConfiguration section */
		A466AC3118B3189000FB89B8 /* Debug */ = {
			isa = XCBuildConfiguration;
			buildSettings = {
				ALWAYS_SEARCH_USER_PATHS = NO;
				ARCHS = "$(ARCHS_STANDARD_INCLUDING_64_BIT)";
				CLANG_CXX_LANGUAGE_STANDARD = "gnu++0x";
				CLANG_CXX_LIBRARY = "libc++";
				CLANG_ENABLE_MODULES = YES;
				CLANG_ENABLE_OBJC_ARC = YES;
				CLANG_WARN_BOOL_CONVERSION = YES;
				CLANG_WARN_CONSTANT_CONVERSION = YES;
				CLANG_WARN_DIRECT_OBJC_ISA_USAGE = YES_ERROR;
				CLANG_WARN_EMPTY_BODY = YES;
				CLANG_WARN_ENUM_CONVERSION = YES;
				CLANG_WARN_INT_CONVERSION = YES;
				CLANG_WARN_OBJC_ROOT_CLASS = YES_ERROR;
				CLANG_WARN__DUPLICATE_METHOD_MATCH = YES;
				"CODE_SIGN_IDENTITY[sdk=iphoneos*]" = "iPhone Developer";
				COPY_PHASE_STRIP = NO;
				GCC_C_LANGUAGE_STANDARD = gnu99;
				GCC_DYNAMIC_NO_PIC = NO;
				GCC_OPTIMIZATION_LEVEL = 0;
				GCC_PREPROCESSOR_DEFINITIONS = (
					"DEBUG=1",
					"$(inherited)",
				);
				GCC_SYMBOLS_PRIVATE_EXTERN = NO;
				GCC_WARN_64_TO_32_BIT_CONVERSION = YES;
				GCC_WARN_ABOUT_RETURN_TYPE = YES_ERROR;
				GCC_WARN_UNDECLARED_SELECTOR = YES;
				GCC_WARN_UNINITIALIZED_AUTOS = YES;
				GCC_WARN_UNUSED_FUNCTION = YES;
				GCC_WARN_UNUSED_VARIABLE = YES;
				IPHONEOS_DEPLOYMENT_TARGET = 7.0;
				ONLY_ACTIVE_ARCH = YES;
				SDKROOT = iphoneos;
				TARGETED_DEVICE_FAMILY = "1,2";
			};
			name = Debug;
		};
		A466AC3218B3189000FB89B8 /* Release */ = {
			isa = XCBuildConfiguration;
			buildSettings = {
				ALWAYS_SEARCH_USER_PATHS = NO;
				ARCHS = "$(ARCHS_STANDARD_INCLUDING_64_BIT)";
				CLANG_CXX_LANGUAGE_STANDARD = "gnu++0x";
				CLANG_CXX_LIBRARY = "libc++";
				CLANG_ENABLE_MODULES = YES;
				CLANG_ENABLE_OBJC_ARC = YES;
				CLANG_WARN_BOOL_CONVERSION = YES;
				CLANG_WARN_CONSTANT_CONVERSION = YES;
				CLANG_WARN_DIRECT_OBJC_ISA_USAGE = YES_ERROR;
				CLANG_WARN_EMPTY_BODY = YES;
				CLANG_WARN_ENUM_CONVERSION = YES;
				CLANG_WARN_INT_CONVERSION = YES;
				CLANG_WARN_OBJC_ROOT_CLASS = YES_ERROR;
				CLANG_WARN__DUPLICATE_METHOD_MATCH = YES;
				"CODE_SIGN_IDENTITY[sdk=iphoneos*]" = "iPhone Developer";
				COPY_PHASE_STRIP = YES;
				ENABLE_NS_ASSERTIONS = NO;
				GCC_C_LANGUAGE_STANDARD = gnu99;
				GCC_WARN_64_TO_32_BIT_CONVERSION = YES;
				GCC_WARN_ABOUT_RETURN_TYPE = YES_ERROR;
				GCC_WARN_UNDECLARED_SELECTOR = YES;
				GCC_WARN_UNINITIALIZED_AUTOS = YES;
				GCC_WARN_UNUSED_FUNCTION = YES;
				GCC_WARN_UNUSED_VARIABLE = YES;
				IPHONEOS_DEPLOYMENT_TARGET = 7.0;
				SDKROOT = iphoneos;
				TARGETED_DEVICE_FAMILY = "1,2";
				VALIDATE_PRODUCT = YES;
			};
			name = Release;
		};
		A466AC3418B3189000FB89B8 /* Debug */ = {
			isa = XCBuildConfiguration;
			baseConfigurationReference = 78449DA1B6B94D9DA1468E3D /* Pods.xcconfig */;
			buildSettings = {
				ASSETCATALOG_COMPILER_APPICON_NAME = AppIcon;
				ASSETCATALOG_COMPILER_LAUNCHIMAGE_NAME = LaunchImage;
				GCC_PRECOMPILE_PREFIX_HEADER = YES;
				GCC_PREFIX_HEADER = "Example/Example-Prefix.pch";
				INFOPLIST_FILE = "Example/Example-Info.plist";
				PRODUCT_NAME = "$(TARGET_NAME)";
				WRAPPER_EXTENSION = app;
			};
			name = Debug;
		};
		A466AC3518B3189000FB89B8 /* Release */ = {
			isa = XCBuildConfiguration;
			baseConfigurationReference = 78449DA1B6B94D9DA1468E3D /* Pods.xcconfig */;
			buildSettings = {
				ASSETCATALOG_COMPILER_APPICON_NAME = AppIcon;
				ASSETCATALOG_COMPILER_LAUNCHIMAGE_NAME = LaunchImage;
				GCC_PRECOMPILE_PREFIX_HEADER = YES;
				GCC_PREFIX_HEADER = "Example/Example-Prefix.pch";
				INFOPLIST_FILE = "Example/Example-Info.plist";
				PRODUCT_NAME = "$(TARGET_NAME)";
				WRAPPER_EXTENSION = app;
			};
			name = Release;
		};
		A466AC3718B3189000FB89B8 /* Debug */ = {
			isa = XCBuildConfiguration;
			buildSettings = {
				ARCHS = "$(ARCHS_STANDARD_INCLUDING_64_BIT)";
				BUNDLE_LOADER = "$(BUILT_PRODUCTS_DIR)/Example.app/Example";
				FRAMEWORK_SEARCH_PATHS = (
					"$(SDKROOT)/Developer/Library/Frameworks",
					"$(inherited)",
					"$(DEVELOPER_FRAMEWORKS_DIR)",
				);
				GCC_PRECOMPILE_PREFIX_HEADER = YES;
				GCC_PREFIX_HEADER = "Example/Example-Prefix.pch";
				GCC_PREPROCESSOR_DEFINITIONS = (
					"DEBUG=1",
					"$(inherited)",
				);
				INFOPLIST_FILE = "ExampleTests/ExampleTests-Info.plist";
				PRODUCT_NAME = "$(TARGET_NAME)";
				TEST_HOST = "$(BUNDLE_LOADER)";
				WRAPPER_EXTENSION = xctest;
			};
			name = Debug;
		};
		A466AC3818B3189000FB89B8 /* Release */ = {
			isa = XCBuildConfiguration;
			buildSettings = {
				ARCHS = "$(ARCHS_STANDARD_INCLUDING_64_BIT)";
				BUNDLE_LOADER = "$(BUILT_PRODUCTS_DIR)/Example.app/Example";
				FRAMEWORK_SEARCH_PATHS = (
					"$(SDKROOT)/Developer/Library/Frameworks",
					"$(inherited)",
					"$(DEVELOPER_FRAMEWORKS_DIR)",
				);
				GCC_PRECOMPILE_PREFIX_HEADER = YES;
				GCC_PREFIX_HEADER = "Example/Example-Prefix.pch";
				INFOPLIST_FILE = "ExampleTests/ExampleTests-Info.plist";
				PRODUCT_NAME = "$(TARGET_NAME)";
				TEST_HOST = "$(BUNDLE_LOADER)";
				WRAPPER_EXTENSION = xctest;
			};
			name = Release;
		};
/* End XCBuildConfiguration section */

/* Begin XCConfigurationList section */
		A466ABF918B3189000FB89B8 /* Build configuration list for PBXProject "Example" */ = {
			isa = XCConfigurationList;
			buildConfigurations = (
				A466AC3118B3189000FB89B8 /* Debug */,
				A466AC3218B3189000FB89B8 /* Release */,
			);
			defaultConfigurationIsVisible = 0;
			defaultConfigurationName = Release;
		};
		A466AC3318B3189000FB89B8 /* Build configuration list for PBXNativeTarget "Example" */ = {
			isa = XCConfigurationList;
			buildConfigurations = (
				A466AC3418B3189000FB89B8 /* Debug */,
				A466AC3518B3189000FB89B8 /* Release */,
			);
			defaultConfigurationIsVisible = 0;
			defaultConfigurationName = Release;
		};
		A466AC3618B3189000FB89B8 /* Build configuration list for PBXNativeTarget "ExampleTests" */ = {
			isa = XCConfigurationList;
			buildConfigurations = (
				A466AC3718B3189000FB89B8 /* Debug */,
				A466AC3818B3189000FB89B8 /* Release */,
			);
			defaultConfigurationIsVisible = 0;
			defaultConfigurationName = Release;
		};
/* End XCConfigurationList section */
	};
	rootObject = A466ABF618B3189000FB89B8 /* Project object */;
}
